
Microsoft Visual Studio Solution File, Format Version 12.00
# Visual Studio Version 17
VisualStudioVersion = 17.5.002.0
MinimumVisualStudioVersion = 10.0.40219.1
Project("{9A19103F-16F7-4668-BE54-9A1E7A4F7556}") = "estrutura-decisao-cs", "estrutura-decisao-cs.csproj", "{0C358BF9-CF32-4714-ACDF-B1368B761E88}"
EndProject
Global
	GlobalSection(SolutionConfigurationPlatforms) = preSolution
		Debug|Any CPU = Debug|Any CPU
		Release|Any CPU = Release|Any CPU
	EndGlobalSection
	GlobalSection(ProjectConfigurationPlatforms) = postSolution
		{0C358BF9-CF32-4714-ACDF-B1368B761E88}.Debug|Any CPU.ActiveCfg = Debug|Any CPU
		{0C358BF9-CF32-4714-ACDF-B1368B761E88}.Debug|Any CPU.Build.0 = Debug|Any CPU
		{0C358BF9-CF32-4714-ACDF-B1368B761E88}.Release|Any CPU.ActiveCfg = Release|Any CPU
		{0C358BF9-CF32-4714-ACDF-B1368B761E88}.Release|Any CPU.Build.0 = Release|Any CPU
	EndGlobalSection
	GlobalSection(SolutionProperties) = preSolution
		HideSolutionNode = FALSE
	EndGlobalSection
	GlobalSection(ExtensibilityGlobals) = postSolution
		SolutionGuid = {BA891E51-0DA5-4EEF-820D-4CFBBB0E7138}
	EndGlobalSection
EndGlobal
